{
  "version": 4,
  "terraform_version": "1.2.7",
  "serial": 7,
  "lineage": "d2d793ca-4ac2-7a23-becc-b66cbbdfaf93",
  "outputs": {},
  "resources": [
    {
      "mode": "managed",
      "type": "local_file",
      "name": "my_game",
      "provider": "provider[\"registry.terraform.io/hashicorp/local\"]",
      "instances": [
        {
          "schema_version": 0,
          "attributes": {
            "content": "tlou2",
            "content_base64": null,
            "directory_permission": "0777",
            "file_permission": "0777",
            "filename": "/home/kali/Documents/game.txt",
            "id": "670c885c65d1a042f04e4038246b5ab8dbccdb49",
            "sensitive_content": null,
            "source": null
          },
          "sensitive_attributes": [],
          "private": "bnVsbA=="
        }
      ]
    }
  ]
}
